PODS:
  - DJI-SDK-iOS (4.11.1)
  - DJI-UXSDK-iOS (4.11)
  - DJIWidget (1.6.2)

DEPENDENCIES:
  - DJI-SDK-iOS (~> 4.11.1)
  - DJI-UXSDK-iOS (~> 4.11)
  - DJIWidget (~> 1.6.2)

SPEC REPOS:
  trunk:
    - DJI-SDK-iOS
    - DJI-UXSDK-iOS
    - DJIWidget

SPEC CHECKSUMS:
  DJI-SDK-iOS: b1c348caa7bd1d8b5c68f00bffcbf4513adfbc37
  DJI-UXSDK-iOS: cc2b32807572b0c1c84b182c9743c6d0a26c84f2
  DJIWidget: cc635356515eaac7e9698eb9b1b8c5764728e3c5

PODFILE CHECKSUM: 973a77a6eaa8ce67b23c46f0b2e7a29431534d02

COCOAPODS: 1.8.4
